
Microsoft Visual Studio Solution File, Format Version 12.00
# Visual Studio Version 17
VisualStudioVersion = 17.6.33829.357
MinimumVisualStudioVersion = 10.0.40219.1
Project("{FAE04EC0-301F-11D3-BF4B-00C04F79EFBC}") = "ISC.API", "ISC.API.csproj", "{A8704F12-57A8-498A-B095-2ED048A655D4}"
EndProject
Project("{FAE04EC0-301F-11D3-BF4B-00C04F79EFBC}") = "ISC.Core", "..\ISC.Core\ISC.Core.csproj", "{8BEE8192-6D61-4356-B490-20AD97F46CEB}"
EndProject
Project("{FAE04EC0-301F-11D3-BF4B-00C04F79EFBC}") = "ISC.EF", "..\ISC.EF\ISC.EF.csproj", "{B8BB79C2-5506-441E-8566-14C2F459571C}"
EndProject
Global
	GlobalSection(SolutionConfigurationPlatforms) = preSolution
		Debug|Any CPU = Debug|Any CPU
		Release|Any CPU = Release|Any CPU
	EndGlobalSection
	GlobalSection(ProjectConfigurationPlatforms) = postSolution
		{A8704F12-57A8-498A-B095-2ED048A655D4}.Debug|Any CPU.ActiveCfg = Debug|Any CPU
		{A8704F12-57A8-498A-B095-2ED048A655D4}.Debug|Any CPU.Build.0 = Debug|Any CPU
		{A8704F12-57A8-498A-B095-2ED048A655D4}.Release|Any CPU.ActiveCfg = Release|Any CPU
		{A8704F12-57A8-498A-B095-2ED048A655D4}.Release|Any CPU.Build.0 = Release|Any CPU
		{8BEE8192-6D61-4356-B490-20AD97F46CEB}.Debug|Any CPU.ActiveCfg = Debug|Any CPU
		{8BEE8192-6D61-4356-B490-20AD97F46CEB}.Debug|Any CPU.Build.0 = Debug|Any CPU
		{8BEE8192-6D61-4356-B490-20AD97F46CEB}.Release|Any CPU.ActiveCfg = Release|Any CPU
		{8BEE8192-6D61-4356-B490-20AD97F46CEB}.Release|Any CPU.Build.0 = Release|Any CPU
		{B8BB79C2-5506-441E-8566-14C2F459571C}.Debug|Any CPU.ActiveCfg = Debug|Any CPU
		{B8BB79C2-5506-441E-8566-14C2F459571C}.Debug|Any CPU.Build.0 = Debug|Any CPU
		{B8BB79C2-5506-441E-8566-14C2F459571C}.Release|Any CPU.ActiveCfg = Release|Any CPU
		{B8BB79C2-5506-441E-8566-14C2F459571C}.Release|Any CPU.Build.0 = Release|Any CPU
	EndGlobalSection
	GlobalSection(SolutionProperties) = preSolution
		HideSolutionNode = FALSE
	EndGlobalSection
	GlobalSection(ExtensibilityGlobals) = postSolution
		SolutionGuid = {8FA6D2A0-0C85-4AEB-A148-3DEB904B4748}
	EndGlobalSection
EndGlobal
