
Microsoft Visual Studio Solution File, Format Version 12.00
# Visual Studio Version 17
VisualStudioVersion = 17.6.33829.357
MinimumVisualStudioVersion = 10.0.40219.1
Project("{9A19103F-16F7-4668-BE54-9A1E7A4F7556}") = "ISC.API", "ISC.API.csproj", "{A8704F12-57A8-498A-B095-2ED048A655D4}"
EndProject
Project("{9A19103F-16F7-4668-BE54-9A1E7A4F7556}") = "ISC.Core", "..\ISC.Core\ISC.Core.csproj", "{8BEE8192-6D61-4356-B490-20AD97F46CEB}"
EndProject
Project("{9A19103F-16F7-4668-BE54-9A1E7A4F7556}") = "ISC.EF", "..\ISC.EF\ISC.EF.csproj", "{B8BB79C2-5506-441E-8566-14C2F459571C}"
EndProject
Project("{9A19103F-16F7-4668-BE54-9A1E7A4F7556}") = "ISC.Services", "..\ISC.Services\ISC.Services.csproj", "{950D2895-BF2D-4FD2-9553-FE83CDBD34C4}"
EndProject
Project("{2150E333-8FDC-42A3-9474-1A3956D46DE8}") = "UnitTest", "UnitTest", "{29E94B8A-31CC-4984-9F99-B5545FE4C4DB}"
EndProject
Global
	GlobalSection(SolutionConfigurationPlatforms) = preSolution
		Debug|Any CPU = Debug|Any CPU
		Release|Any CPU = Release|Any CPU
	EndGlobalSection
	GlobalSection(ProjectConfigurationPlatforms) = postSolution
		{A8704F12-57A8-498A-B095-2ED048A655D4}.Debug|Any CPU.ActiveCfg = Debug|Any CPU
		{A8704F12-57A8-498A-B095-2ED048A655D4}.Debug|Any CPU.Build.0 = Debug|Any CPU
		{A8704F12-57A8-498A-B095-2ED048A655D4}.Release|Any CPU.ActiveCfg = Release|Any CPU
		{A8704F12-57A8-498A-B095-2ED048A655D4}.Release|Any CPU.Build.0 = Release|Any CPU
		{8BEE8192-6D61-4356-B490-20AD97F46CEB}.Debug|Any CPU.ActiveCfg = Debug|Any CPU
		{8BEE8192-6D61-4356-B490-20AD97F46CEB}.Debug|Any CPU.Build.0 = Debug|Any CPU
		{8BEE8192-6D61-4356-B490-20AD97F46CEB}.Release|Any CPU.ActiveCfg = Release|Any CPU
		{8BEE8192-6D61-4356-B490-20AD97F46CEB}.Release|Any CPU.Build.0 = Release|Any CPU
		{B8BB79C2-5506-441E-8566-14C2F459571C}.Debug|Any CPU.ActiveCfg = Debug|Any CPU
		{B8BB79C2-5506-441E-8566-14C2F459571C}.Debug|Any CPU.Build.0 = Debug|Any CPU
		{B8BB79C2-5506-441E-8566-14C2F459571C}.Release|Any CPU.ActiveCfg = Release|Any CPU
		{B8BB79C2-5506-441E-8566-14C2F459571C}.Release|Any CPU.Build.0 = Release|Any CPU
		{950D2895-BF2D-4FD2-9553-FE83CDBD34C4}.Debug|Any CPU.ActiveCfg = Debug|Any CPU
		{950D2895-BF2D-4FD2-9553-FE83CDBD34C4}.Debug|Any CPU.Build.0 = Debug|Any CPU
		{950D2895-BF2D-4FD2-9553-FE83CDBD34C4}.Release|Any CPU.ActiveCfg = Release|Any CPU
		{950D2895-BF2D-4FD2-9553-FE83CDBD34C4}.Release|Any CPU.Build.0 = Release|Any CPU
	EndGlobalSection
	GlobalSection(SolutionProperties) = preSolution
		HideSolutionNode = FALSE
	EndGlobalSection
	GlobalSection(ExtensibilityGlobals) = postSolution
		SolutionGuid = {8FA6D2A0-0C85-4AEB-A148-3DEB904B4748}
	EndGlobalSection
EndGlobal
